github.com/panr/hugo-theme-hello-friend v0.0.0-20230107225212-aa69b5504cbe h1:iF+lMMgwIcFCxdUIjQYI5C26YnmXscHf9tad2pvagFM=
github.com/panr/hugo-theme-hello-friend v0.0.0-20230107225212-aa69b5504cbe/go.mod h1:JIa0X0X//YWawD537HytHDdYUhl4TtOMRx+HCMJXEc4=
gitlab.com/kaushalmodi/hugo-mwe-theme v0.1.1 h1:FyTp43CJRpBfoHyWnwQFx//cipgP6xQ9/uucj+qjj1U=
gitlab.com/kaushalmodi/hugo-mwe-theme v0.1.1/go.mod h1:vvq0r/SfKMbiPbyqL4YottSOkpCkBSosqGRm82aDNrU=
